
Microsoft Visual Studio Solution File, Format Version 12.00
Project("{FAE04EC0-301F-11D3-BF4B-00C04F79EFBC}") = "CS2TS", "CS2TS.csproj", "{0728AE93-9F4F-45EB-94B5-82F2B995E64F}"
EndProject
Global
	GlobalSection(SolutionConfigurationPlatforms) = preSolution
		Debug|Any CPU = Debug|Any CPU
		Release|Any CPU = Release|Any CPU
	EndGlobalSection
	GlobalSection(ProjectConfigurationPlatforms) = postSolution
		{0728AE93-9F4F-45EB-94B5-82F2B995E64F}.Debug|Any CPU.ActiveCfg = Debug|Any CPU
		{0728AE93-9F4F-45EB-94B5-82F2B995E64F}.Debug|Any CPU.Build.0 = Debug|Any CPU
		{0728AE93-9F4F-45EB-94B5-82F2B995E64F}.Release|Any CPU.ActiveCfg = Release|Any CPU
		{0728AE93-9F4F-45EB-94B5-82F2B995E64F}.Release|Any CPU.Build.0 = Release|Any CPU
	EndGlobalSection
EndGlobal
